// !$*UTF8*$!
{
	archiveVersion = 1;
	classes = {
	};
	objectVersion = 56;
	objects = {

/* Begin PBXBuildFile section */
		1B92626B29BD571700428063 /* Main.swift in Sources */ = {isa = PBXBuildFile; fileRef = 1B92626A29BD571700428063 /* Main.swift */; };
		1BEC89A529BC25AD002053D2 /* tca_firebase_loginApp.swift in Sources */ = {isa = PBXBuildFile; fileRef = 1BEC89A429BC25AD002053D2 /* tca_firebase_loginApp.swift */; };
		1BEC89A729BC25AD002053D2 /* LoginInView.swift in Sources */ = {isa = PBXBuildFile; fileRef = 1BEC89A629BC25AD002053D2 /* LoginInView.swift */; };
		1BEC89A929BC25AE002053D2 /* Assets.xcassets in Resources */ = {isa = PBXBuildFile; fileRef = 1BEC89A829BC25AE002053D2 /* Assets.xcassets */; };
		1BEC89AC29BC25AE002053D2 /* Preview Assets.xcassets in Resources */ = {isa = PBXBuildFile; fileRef = 1BEC89AB29BC25AE002053D2 /* Preview Assets.xcassets */; };
		1BEC89B329BC26B4002053D2 /* GoogleService-Info.plist in Resources */ = {isa = PBXBuildFile; fileRef = 1BEC89B229BC26B4002053D2 /* GoogleService-Info.plist */; };
		1BEC89B629BC2794002053D2 /* FirebaseAuth in Frameworks */ = {isa = PBXBuildFile; productRef = 1BEC89B529BC2794002053D2 /* FirebaseAuth */; };
		1BEC89B829BC2794002053D2 /* FirebaseAuthCombine-Community in Frameworks */ = {isa = PBXBuildFile; productRef = 1BEC89B729BC2794002053D2 /* FirebaseAuthCombine-Community */; };
		1BEC89BB29BC302F002053D2 /* ComposableArchitecture in Frameworks */ = {isa = PBXBuildFile; productRef = 1BEC89BA29BC302F002053D2 /* ComposableArchitecture */; };
		1BEC89BD29BC33EE002053D2 /* LoginForm.swift in Sources */ = {isa = PBXBuildFile; fileRef = 1BEC89BC29BC33EE002053D2 /* LoginForm.swift */; };
		1BEC89BF29BC4E38002053D2 /* MainView.swift in Sources */ = {isa = PBXBuildFile; fileRef = 1BEC89BE29BC4E38002053D2 /* MainView.swift */; };
		1BEC89C129BC5F1F002053D2 /* FirebaseClient.swift in Sources */ = {isa = PBXBuildFile; fileRef = 1BEC89C029BC5F1F002053D2 /* FirebaseClient.swift */; };
/* End PBXBuildFile section */

/* Begin PBXFileReference section */
		1B92626A29BD571700428063 /* Main.swift */ = {isa = PBXFileReference; lastKnownFileType = sourcecode.swift; path = Main.swift; sourceTree = "<group>"; };
		1BEC89A129BC25AD002053D2 /* tca_firebase_login.app */ = {isa = PBXFileReference; explicitFileType = wrapper.application; includeInIndex = 0; path = tca_firebase_login.app; sourceTree = BUILT_PRODUCTS_DIR; };
		1BEC89A429BC25AD002053D2 /* tca_firebase_loginApp.swift */ = {isa = PBXFileReference; lastKnownFileType = sourcecode.swift; path = tca_firebase_loginApp.swift; sourceTree = "<group>"; };
		1BEC89A629BC25AD002053D2 /* LoginInView.swift */ = {isa = PBXFileReference; lastKnownFileType = sourcecode.swift; path = LoginInView.swift; sourceTree = "<group>"; };
		1BEC89A829BC25AE002053D2 /* Assets.xcassets */ = {isa = PBXFileReference; lastKnownFileType = folder.assetcatalog; path = Assets.xcassets; sourceTree = "<group>"; };
		1BEC89AB29BC25AE002053D2 /* Preview Assets.xcassets */ = {isa = PBXFileReference; lastKnownFileType = folder.assetcatalog; path = "Preview Assets.xcassets"; sourceTree = "<group>"; };
		1BEC89B229BC26B4002053D2 /* GoogleService-Info.plist */ = {isa = PBXFileReference; lastKnownFileType = text.plist; path = "GoogleService-Info.plist"; sourceTree = SOURCE_ROOT; };
		1BEC89BC29BC33EE002053D2 /* LoginForm.swift */ = {isa = PBXFileReference; lastKnownFileType = sourcecode.swift; path = LoginForm.swift; sourceTree = "<group>"; };
		1BEC89BE29BC4E38002053D2 /* MainView.swift */ = {isa = PBXFileReference; lastKnownFileType = sourcecode.swift; path = MainView.swift; sourceTree = "<group>"; };
		1BEC89C029BC5F1F002053D2 /* FirebaseClient.swift */ = {isa = PBXFileReference; lastKnownFileType = sourcecode.swift; path = FirebaseClient.swift; sourceTree = "<group>"; };
/* End PBXFileReference section */

/* Begin PBXFrameworksBuildPhase section */
		1BEC899E29BC25AD002053D2 /* Frameworks */ = {
			isa = PBXFrameworksBuildPhase;
			buildActionMask = 2147483647;
			files = (
				1BEC89B629BC2794002053D2 /* FirebaseAuth in Frameworks */,
				1BEC89B829BC2794002053D2 /* FirebaseAuthCombine-Community in Frameworks */,
				1BEC89BB29BC302F002053D2 /* ComposableArchitecture in Frameworks */,
			);
			runOnlyForDeploymentPostprocessing = 0;
		};
/* End PBXFrameworksBuildPhase section */

/* Begin PBXGroup section */
		1B92626829BD56F300428063 /* Login */ = {
			isa = PBXGroup;
			children = (
				1BEC89A629BC25AD002053D2 /* LoginInView.swift */,
				1BEC89BC29BC33EE002053D2 /* LoginForm.swift */,
			);
			path = Login;
			sourceTree = "<group>";
		};
		1B92626929BD570600428063 /* Main */ = {
			isa = PBXGroup;
			children = (
				1BEC89BE29BC4E38002053D2 /* MainView.swift */,
				1B92626A29BD571700428063 /* Main.swift */,
			);
			path = Main;
			sourceTree = "<group>";
		};
		1BEC899829BC25AC002053D2 = {
			isa = PBXGroup;
			children = (
				1BEC89A329BC25AD002053D2 /* tca_firebase_login */,
				1BEC89A229BC25AD002053D2 /* Products */,
			);
			sourceTree = "<group>";
		};
		1BEC89A229BC25AD002053D2 /* Products */ = {
			isa = PBXGroup;
			children = (
				1BEC89A129BC25AD002053D2 /* tca_firebase_login.app */,
			);
			name = Products;
			sourceTree = "<group>";
		};
		1BEC89A329BC25AD002053D2 /* tca_firebase_login */ = {
			isa = PBXGroup;
			children = (
				1BEC89A429BC25AD002053D2 /* tca_firebase_loginApp.swift */,
				1BEC89C029BC5F1F002053D2 /* FirebaseClient.swift */,
				1B92626829BD56F300428063 /* Login */,
				1B92626929BD570600428063 /* Main */,
				1BEC89B229BC26B4002053D2 /* GoogleService-Info.plist */,
				1BEC89A829BC25AE002053D2 /* Assets.xcassets */,
				1BEC89AA29BC25AE002053D2 /* Preview Content */,
			);
			path = tca_firebase_login;
			sourceTree = "<group>";
		};
		1BEC89AA29BC25AE002053D2 /* Preview Content */ = {
			isa = PBXGroup;
			children = (
				1BEC89AB29BC25AE002053D2 /* Preview Assets.xcassets */,
			);
			path = "Preview Content";
			sourceTree = "<group>";
		};
/* End PBXGroup section */

/* Begin PBXNativeTarget section */
		1BEC89A029BC25AD002053D2 /* tca_firebase_login */ = {
			isa = PBXNativeTarget;
			buildConfigurationList = 1BEC89AF29BC25AE002053D2 /* Build configuration list for PBXNativeTarget "tca_firebase_login" */;
			buildPhases = (
				1BEC899D29BC25AD002053D2 /* Sources */,
				1BEC899E29BC25AD002053D2 /* Frameworks */,
				1BEC899F29BC25AD002053D2 /* Resources */,
			);
			buildRules = (
			);
			dependencies = (
			);
			name = tca_firebase_login;
			packageProductDependencies = (
				1BEC89B529BC2794002053D2 /* FirebaseAuth */,
				1BEC89B729BC2794002053D2 /* FirebaseAuthCombine-Community */,
				1BEC89BA29BC302F002053D2 /* ComposableArchitecture */,
			);
			productName = tca_firebase_login;
			productReference = 1BEC89A129BC25AD002053D2 /* tca_firebase_login.app */;
			productType = "com.apple.product-type.application";
		};
/* End PBXNativeTarget section */

/* Begin PBXProject section */
		1BEC899929BC25AD002053D2 /* Project object */ = {
			isa = PBXProject;
			attributes = {
				BuildIndependentTargetsInParallel = 1;
				LastSwiftUpdateCheck = 1420;
				LastUpgradeCheck = 1420;
				TargetAttributes = {
					1BEC89A029BC25AD002053D2 = {
						CreatedOnToolsVersion = 14.2;
					};
				};
			};
			buildConfigurationList = 1BEC899C29BC25AD002053D2 /* Build configuration list for PBXProject "tca_firebase_login" */;
			compatibilityVersion = "Xcode 14.0";
			developmentRegion = en;
			hasScannedForEncodings = 0;
			knownRegions = (
				en,
				Base,
			);
			mainGroup = 1BEC899829BC25AC002053D2;
			packageReferences = (
				1BEC89B429BC2793002053D2 /* XCRemoteSwiftPackageReference "firebase-ios-sdk" */,
				1BEC89B929BC302F002053D2 /* XCRemoteSwiftPackageReference "swift-composable-architecture" */,
			);
			productRefGroup = 1BEC89A229BC25AD002053D2 /* Products */;
			projectDirPath = "";
			projectRoot = "";
			targets = (
				1BEC89A029BC25AD002053D2 /* tca_firebase_login */,
			);
		};
/* End PBXProject section */

/* Begin PBXResourcesBuildPhase section */
		1BEC899F29BC25AD002053D2 /* Resources */ = {
			isa = PBXResourcesBuildPhase;
			buildActionMask = 2147483647;
			files = (
				1BEC89AC29BC25AE002053D2 /* Preview Assets.xcassets in Resources */,
				1BEC89A929BC25AE002053D2 /* Assets.xcassets in Resources */,
				1BEC89B329BC26B4002053D2 /* GoogleService-Info.plist in Resources */,
			);
			runOnlyForDeploymentPostprocessing = 0;
		};
/* End PBXResourcesBuildPhase section */

/* Begin PBXSourcesBuildPhase section */
		1BEC899D29BC25AD002053D2 /* Sources */ = {
			isa = PBXSourcesBuildPhase;
			buildActionMask = 2147483647;
			files = (
				1B92626B29BD571700428063 /* Main.swift in Sources */,
				1BEC89A729BC25AD002053D2 /* LoginInView.swift in Sources */,
				1BEC89BF29BC4E38002053D2 /* MainView.swift in Sources */,
				1BEC89C129BC5F1F002053D2 /* FirebaseClient.swift in Sources */,
				1BEC89BD29BC33EE002053D2 /* LoginForm.swift in Sources */,
				1BEC89A529BC25AD002053D2 /* tca_firebase_loginApp.swift in Sources */,
			);
			runOnlyForDeploymentPostprocessing = 0;
		};
/* End PBXSourcesBuildPhase section */

/* Begin XCBuildConfiguration section */
		1BEC89AD29BC25AE002053D2 /* Debug */ = {
			isa = XCBuildConfiguration;
			buildSettings = {
				ALWAYS_SEARCH_USER_PATHS = NO;
				CLANG_ANALYZER_NONNULL = YES;
				CLANG_ANALYZER_NUMBER_OBJECT_CONVERSION = YES_AGGRESSIVE;
				CLANG_CXX_LANGUAGE_STANDARD = "gnu++20";
				CLANG_ENABLE_MODULES = YES;
				CLANG_ENABLE_OBJC_ARC = YES;
				CLANG_ENABLE_OBJC_WEAK = YES;
				CLANG_WARN_BLOCK_CAPTURE_AUTORELEASING = YES;
				CLANG_WARN_BOOL_CONVERSION = YES;
				CLANG_WARN_COMMA = YES;
				CLANG_WARN_CONSTANT_CONVERSION = YES;
				CLANG_WARN_DEPRECATED_OBJC_IMPLEMENTATIONS = YES;
				CLANG_WARN_DIRECT_OBJC_ISA_USAGE = YES_ERROR;
				CLANG_WARN_DOCUMENTATION_COMMENTS = YES;
				CLANG_WARN_EMPTY_BODY = YES;
				CLANG_WARN_ENUM_CONVERSION = YES;
				CLANG_WARN_INFINITE_RECURSION = YES;
				CLANG_WARN_INT_CONVERSION = YES;
				CLANG_WARN_NON_LITERAL_NULL_CONVERSION = YES;
				CLANG_WARN_OBJC_IMPLICIT_RETAIN_SELF = YES;
				CLANG_WARN_OBJC_LITERAL_CONVERSION = YES;
				CLANG_WARN_OBJC_ROOT_CLASS = YES_ERROR;
				CLANG_WARN_QUOTED_INCLUDE_IN_FRAMEWORK_HEADER = YES;
				CLANG_WARN_RANGE_LOOP_ANALYSIS = YES;
				CLANG_WARN_STRICT_PROTOTYPES = YES;
				CLANG_WARN_SUSPICIOUS_MOVE = YES;
				CLANG_WARN_UNGUARDED_AVAILABILITY = YES_AGGRESSIVE;
				CLANG_WARN_UNREACHABLE_CODE = YES;
				CLANG_WARN__DUPLICATE_METHOD_MATCH = YES;
				COPY_PHASE_STRIP = NO;
				DEBUG_INFORMATION_FORMAT = dwarf;
				ENABLE_STRICT_OBJC_MSGSEND = YES;
				ENABLE_TESTABILITY = YES;
				GCC_C_LANGUAGE_STANDARD = gnu11;
				GCC_DYNAMIC_NO_PIC = NO;
				GCC_NO_COMMON_BLOCKS = YES;
				GCC_OPTIMIZATION_LEVEL = 0;
				GCC_PREPROCESSOR_DEFINITIONS = (
					"DEBUG=1",
					"$(inherited)",
				);
				GCC_WARN_64_TO_32_BIT_CONVERSION = YES;
				GCC_WARN_ABOUT_RETURN_TYPE = YES_ERROR;
				GCC_WARN_UNDECLARED_SELECTOR = YES;
				GCC_WARN_UNINITIALIZED_AUTOS = YES_AGGRESSIVE;
				GCC_WARN_UNUSED_FUNCTION = YES;
				GCC_WARN_UNUSED_VARIABLE = YES;
				IPHONEOS_DEPLOYMENT_TARGET = 16.2;
				MTL_ENABLE_DEBUG_INFO = INCLUDE_SOURCE;
				MTL_FAST_MATH = YES;
				ONLY_ACTIVE_ARCH = YES;
				SDKROOT = iphoneos;
				SWIFT_ACTIVE_COMPILATION_CONDITIONS = DEBUG;
				SWIFT_OPTIMIZATION_LEVEL = "-Onone";
			};
			name = Debug;
		};
		1BEC89AE29BC25AE002053D2 /* Release */ = {
			isa = XCBuildConfiguration;
			buildSettings = {
				ALWAYS_SEARCH_USER_PATHS = NO;
				CLANG_ANALYZER_NONNULL = YES;
				CLANG_ANALYZER_NUMBER_OBJECT_CONVERSION = YES_AGGRESSIVE;
				CLANG_CXX_LANGUAGE_STANDARD = "gnu++20";
				CLANG_ENABLE_MODULES = YES;
				CLANG_ENABLE_OBJC_ARC = YES;
				CLANG_ENABLE_OBJC_WEAK = YES;
				CLANG_WARN_BLOCK_CAPTURE_AUTORELEASING = YES;
				CLANG_WARN_BOOL_CONVERSION = YES;
				CLANG_WARN_COMMA = YES;
				CLANG_WARN_CONSTANT_CONVERSION = YES;
				CLANG_WARN_DEPRECATED_OBJC_IMPLEMENTATIONS = YES;
				CLANG_WARN_DIRECT_OBJC_ISA_USAGE = YES_ERROR;
				CLANG_WARN_DOCUMENTATION_COMMENTS = YES;
				CLANG_WARN_EMPTY_BODY = YES;
				CLANG_WARN_ENUM_CONVERSION = YES;
				CLANG_WARN_INFINITE_RECURSION = YES;
				CLANG_WARN_INT_CONVERSION = YES;
				CLANG_WARN_NON_LITERAL_NULL_CONVERSION = YES;
				CLANG_WARN_OBJC_IMPLICIT_RETAIN_SELF = YES;
				CLANG_WARN_OBJC_LITERAL_CONVERSION = YES;
				CLANG_WARN_OBJC_ROOT_CLASS = YES_ERROR;
				CLANG_WARN_QUOTED_INCLUDE_IN_FRAMEWORK_HEADER = YES;
				CLANG_WARN_RANGE_LOOP_ANALYSIS = YES;
				CLANG_WARN_STRICT_PROTOTYPES = YES;
				CLANG_WARN_SUSPICIOUS_MOVE = YES;
				CLANG_WARN_UNGUARDED_AVAILABILITY = YES_AGGRESSIVE;
				CLANG_WARN_UNREACHABLE_CODE = YES;
				CLANG_WARN__DUPLICATE_METHOD_MATCH = YES;
				COPY_PHASE_STRIP = NO;
				DEBUG_INFORMATION_FORMAT = "dwarf-with-dsym";
				ENABLE_NS_ASSERTIONS = NO;
				ENABLE_STRICT_OBJC_MSGSEND = YES;
				GCC_C_LANGUAGE_STANDARD = gnu11;
				GCC_NO_COMMON_BLOCKS = YES;
				GCC_WARN_64_TO_32_BIT_CONVERSION = YES;
				GCC_WARN_ABOUT_RETURN_TYPE = YES_ERROR;
				GCC_WARN_UNDECLARED_SELECTOR = YES;
				GCC_WARN_UNINITIALIZED_AUTOS = YES_AGGRESSIVE;
				GCC_WARN_UNUSED_FUNCTION = YES;
				GCC_WARN_UNUSED_VARIABLE = YES;
				IPHONEOS_DEPLOYMENT_TARGET = 16.2;
				MTL_ENABLE_DEBUG_INFO = NO;
				MTL_FAST_MATH = YES;
				SDKROOT = iphoneos;
				SWIFT_COMPILATION_MODE = wholemodule;
				SWIFT_OPTIMIZATION_LEVEL = "-O";
				VALIDATE_PRODUCT = YES;
			};
			name = Release;
		};
		1BEC89B029BC25AE002053D2 /* Debug */ = {
			isa = XCBuildConfiguration;
			buildSettings = {
				ASSETCATALOG_COMPILER_APPICON_NAME = AppIcon;
				ASSETCATALOG_COMPILER_GLOBAL_ACCENT_COLOR_NAME = AccentColor;
				CODE_SIGN_STYLE = Automatic;
				CURRENT_PROJECT_VERSION = 1;
				DEVELOPMENT_ASSET_PATHS = "\"tca_firebase_login/Preview Content\"";
				DEVELOPMENT_TEAM = SFG989R8XR;
				ENABLE_PREVIEWS = YES;
				GENERATE_INFOPLIST_FILE = YES;
				INFOPLIST_KEY_UIApplicationSceneManifest_Generation = YES;
				INFOPLIST_KEY_UIApplicationSupportsIndirectInputEvents = YES;
				INFOPLIST_KEY_UILaunchScreen_Generation = YES;
				INFOPLIST_KEY_UISupportedInterfaceOrientations_iPad = "UIInterfaceOrientationPortrait UIInterfaceOrientationPortraitUpsideDown UIInterfaceOrientationLandscapeLeft UIInterfaceOrientationLandscapeRight";
				INFOPLIST_KEY_UISupportedInterfaceOrientations_iPhone = "UIInterfaceOrientationPortrait UIInterfaceOrientationLandscapeLeft UIInterfaceOrientationLandscapeRight";
				LD_RUNPATH_SEARCH_PATHS = (
					"$(inherited)",
					"@executable_path/Frameworks",
				);
				MARKETING_VERSION = 1.0;
				PRODUCT_BUNDLE_IDENTIFIER = "shinohara.yuki.tca-firebase-login";
				PRODUCT_NAME = "$(TARGET_NAME)";
				SWIFT_EMIT_LOC_STRINGS = YES;
				SWIFT_VERSION = 5.0;
				TARGETED_DEVICE_FAMILY = "1,2";
			};
			name = Debug;
		};
		1BEC89B129BC25AE002053D2 /* Release */ = {
			isa = XCBuildConfiguration;
			buildSettings = {
				ASSETCATALOG_COMPILER_APPICON_NAME = AppIcon;
				ASSETCATALOG_COMPILER_GLOBAL_ACCENT_COLOR_NAME = AccentColor;
				CODE_SIGN_STYLE = Automatic;
				CURRENT_PROJECT_VERSION = 1;
				DEVELOPMENT_ASSET_PATHS = "\"tca_firebase_login/Preview Content\"";
				DEVELOPMENT_TEAM = SFG989R8XR;
				ENABLE_PREVIEWS = YES;
				GENERATE_INFOPLIST_FILE = YES;
				INFOPLIST_KEY_UIApplicationSceneManifest_Generation = YES;
				INFOPLIST_KEY_UIApplicationSupportsIndirectInputEvents = YES;
				INFOPLIST_KEY_UILaunchScreen_Generation = YES;
				INFOPLIST_KEY_UISupportedInterfaceOrientations_iPad = "UIInterfaceOrientationPortrait UIInterfaceOrientationPortraitUpsideDown UIInterfaceOrientationLandscapeLeft UIInterfaceOrientationLandscapeRight";
				INFOPLIST_KEY_UISupportedInterfaceOrientations_iPhone = "UIInterfaceOrientationPortrait UIInterfaceOrientationLandscapeLeft UIInterfaceOrientationLandscapeRight";
				LD_RUNPATH_SEARCH_PATHS = (
					"$(inherited)",
					"@executable_path/Frameworks",
				);
				MARKETING_VERSION = 1.0;
				PRODUCT_BUNDLE_IDENTIFIER = "shinohara.yuki.tca-firebase-login";
				PRODUCT_NAME = "$(TARGET_NAME)";
				SWIFT_EMIT_LOC_STRINGS = YES;
				SWIFT_VERSION = 5.0;
				TARGETED_DEVICE_FAMILY = "1,2";
			};
			name = Release;
		};
/* End XCBuildConfiguration section */

/* Begin XCConfigurationList section */
		1BEC899C29BC25AD002053D2 /* Build configuration list for PBXProject "tca_firebase_login" */ = {
			isa = XCConfigurationList;
			buildConfigurations = (
				1BEC89AD29BC25AE002053D2 /* Debug */,
				1BEC89AE29BC25AE002053D2 /* Release */,
			);
			defaultConfigurationIsVisible = 0;
			defaultConfigurationName = Release;
		};
		1BEC89AF29BC25AE002053D2 /* Build configuration list for PBXNativeTarget "tca_firebase_login" */ = {
			isa = XCConfigurationList;
			buildConfigurations = (
				1BEC89B029BC25AE002053D2 /* Debug */,
				1BEC89B129BC25AE002053D2 /* Release */,
			);
			defaultConfigurationIsVisible = 0;
			defaultConfigurationName = Release;
		};
/* End XCConfigurationList section */

/* Begin XCRemoteSwiftPackageReference section */
		1BEC89B429BC2793002053D2 /* XCRemoteSwiftPackageReference "firebase-ios-sdk" */ = {
			isa = XCRemoteSwiftPackageReference;
			repositoryURL = "https://github.com/firebase/firebase-ios-sdk.git";
			requirement = {
				kind = upToNextMinorVersion;
				minimumVersion = 9.6.0;
			};
		};
		1BEC89B929BC302F002053D2 /* XCRemoteSwiftPackageReference "swift-composable-architecture" */ = {
			isa = XCRemoteSwiftPackageReference;
			repositoryURL = "https://github.com/pointfreeco/swift-composable-architecture";
			requirement = {
				branch = main;
				kind = branch;
			};
		};
/* End XCRemoteSwiftPackageReference section */

/* Begin XCSwiftPackageProductDependency section */
		1BEC89B529BC2794002053D2 /* FirebaseAuth */ = {
			isa = XCSwiftPackageProductDependency;
			package = 1BEC89B429BC2793002053D2 /* XCRemoteSwiftPackageReference "firebase-ios-sdk" */;
			productName = FirebaseAuth;
		};
		1BEC89B729BC2794002053D2 /* FirebaseAuthCombine-Community */ = {
			isa = XCSwiftPackageProductDependency;
			package = 1BEC89B429BC2793002053D2 /* XCRemoteSwiftPackageReference "firebase-ios-sdk" */;
			productName = "FirebaseAuthCombine-Community";
		};
		1BEC89BA29BC302F002053D2 /* ComposableArchitecture */ = {
			isa = XCSwiftPackageProductDependency;
			package = 1BEC89B929BC302F002053D2 /* XCRemoteSwiftPackageReference "swift-composable-architecture" */;
			productName = ComposableArchitecture;
		};
/* End XCSwiftPackageProductDependency section */
	};
	rootObject = 1BEC899929BC25AD002053D2 /* Project object */;
}
